
Microsoft Visual Studio Solution File, Format Version 12.00
# Visual Studio Version 17
VisualStudioVersion = 17.3.32929.385
MinimumVisualStudioVersion = 10.0.40219.1
Project("{FAE04EC0-301F-11D3-BF4B-00C04F79EFBC}") = "EcoFit_SeminarioGrado", "EcoFit_SeminarioGrado\EcoFit_SeminarioGrado.csproj", "{A1B5B108-D69B-47CC-A2DE-83A8C8426681}"
EndProject
Global
	GlobalSection(SolutionConfigurationPlatforms) = preSolution
		Debug|Any CPU = Debug|Any CPU
		Release|Any CPU = Release|Any CPU
	EndGlobalSection
	GlobalSection(ProjectConfigurationPlatforms) = postSolution
		{A1B5B108-D69B-47CC-A2DE-83A8C8426681}.Debug|Any CPU.ActiveCfg = Debug|Any CPU
		{A1B5B108-D69B-47CC-A2DE-83A8C8426681}.Debug|Any CPU.Build.0 = Debug|Any CPU
		{A1B5B108-D69B-47CC-A2DE-83A8C8426681}.Release|Any CPU.ActiveCfg = Release|Any CPU
		{A1B5B108-D69B-47CC-A2DE-83A8C8426681}.Release|Any CPU.Build.0 = Release|Any CPU
	EndGlobalSection
	GlobalSection(SolutionProperties) = preSolution
		HideSolutionNode = FALSE
	EndGlobalSection
	GlobalSection(ExtensibilityGlobals) = postSolution
		SolutionGuid = {6EA35800-760E-4C83-AF0F-461EDB8ECF2A}
	EndGlobalSection
EndGlobal
